<?xml version="1.0" encoding="utf-8"?>
<Project ToolsVersion="4.0" xmlns="http://schemas.microsoft.com/developer/msbuild/2003">
  <ItemGroup>
    <Filter Include="Default">
      <UniqueIdentifier>{8203e95c-7d47-41f9-80c3-fc90be002e43}</UniqueIdentifier>
    </Filter>
    <Filter Include="Default\리소스 파일">
      <UniqueIdentifier>{67DA6AB6-F800-4c08-8B7A-83BB121AAD01}</UniqueIdentifier>
      <Extensions>rc;ico;cur;bmp;dlg;rc2;rct;bin;rgs;gif;jpg;jpeg;jpe;resx;tiff;tif;png;wav;mfcribbon-ms</Extensions>
    </Filter>
    <Filter Include="Default\소스 파일">
      <UniqueIdentifier>{4FC737F1-C7A5-4376-A066-2A32D752A2FF}</UniqueIdentifier>
      <Extensions>cpp;c;cc;cxx;c++;def;odl;idl;hpj;bat;asm;asmx</Extensions>
    </Filter>
    <Filter Include="Default\헤더 파일">
      <UniqueIdentifier>{93995380-89BD-4b04-88EB-625FBE52EBFB}</UniqueIdentifier>
      <Extensions>h;hh;hpp;hxx;h++;hm;inl;inc;ipp;xsd</Extensions>
    </Filter>
    <Filter Include="Engine">
      <UniqueIdentifier>{11adc8b4-ea11-452b-b385-07a4d721080c}</UniqueIdentifier>
    </Filter>
    <Filter Include="Engine\01.Header">
      <UniqueIdentifier>{63c40d60-8f82-42c3-9072-9479ed653679}</UniqueIdentifier>
    </Filter>
    <Filter Include="Engine\02.Core">
      <UniqueIdentifier>{061b5ea2-faf7-4e6a-ade4-1abaef0ab1f4}</UniqueIdentifier>
    </Filter>
    <Filter Include="Engine\03.Manager">
      <UniqueIdentifier>{2e4a07ae-b2b1-4062-b44d-21c99477190a}</UniqueIdentifier>
    </Filter>
    <Filter Include="Engine\03.Manager\TimeMgr">
      <UniqueIdentifier>{4dc28560-8676-447c-915d-2b5d7b4ac3a3}</UniqueIdentifier>
    </Filter>
    <Filter Include="Engine\03.Manager\KeyMgr">
      <UniqueIdentifier>{ba97e4e3-97b7-4437-a13e-1e6e0d4eb2cd}</UniqueIdentifier>
    </Filter>
    <Filter Include="Engine\03.Manager\SceneMgr">
      <UniqueIdentifier>{9d5a7199-2ee5-440c-97a2-ad9d27eac3da}</UniqueIdentifier>
    </Filter>
    <Filter Include="Engine\03.Manager\PathMgr">
      <UniqueIdentifier>{20540a0a-5a00-4a57-a175-3fc9be627890}</UniqueIdentifier>
    </Filter>
    <Filter Include="Engine\03.Manager\ResMgr">
      <UniqueIdentifier>{40c44eea-5caf-497a-bcf2-d21ea1a436bb}</UniqueIdentifier>
    </Filter>
    <Filter Include="Engine\04.Object">
      <UniqueIdentifier>{85433daf-f78a-4985-aec1-aac365ee43aa}</UniqueIdentifier>
    </Filter>
    <Filter Include="Engine\04.Object\Player">
      <UniqueIdentifier>{c4e6bcf1-cf34-459d-8540-70a22f20e6b6}</UniqueIdentifier>
    </Filter>
    <Filter Include="Engine\04.Object\Monster">
      <UniqueIdentifier>{107d61f1-ce52-43d4-9d27-2cf2b904f001}</UniqueIdentifier>
    </Filter>
    <Filter Include="Engine\04.Object\Missile">
      <UniqueIdentifier>{55d2546a-679d-4448-a32d-b9e26411d3f9}</UniqueIdentifier>
    </Filter>
    <Filter Include="Engine\05.Scene">
      <UniqueIdentifier>{961f797f-c993-41b9-9789-45fa7d0cf0aa}</UniqueIdentifier>
    </Filter>
    <Filter Include="Engine\05.Scene\Scene_Start">
      <UniqueIdentifier>{21af7337-f571-493d-92af-3a517176f6e8}</UniqueIdentifier>
    </Filter>
    <Filter Include="Engine\05.Scene\Scene_Tool">
      <UniqueIdentifier>{c816095a-9e00-4cc6-a7b1-73667cd3a889}</UniqueIdentifier>
    </Filter>
    <Filter Include="Engine\06.Resource">
      <UniqueIdentifier>{f3ea0e0f-3e5c-42a8-b1a3-128b82643b68}</UniqueIdentifier>
    </Filter>
    <Filter Include="Engine\06.Resource\Texture">
      <UniqueIdentifier>{8b9d2ce8-95e2-43b0-927d-13571804ae09}</UniqueIdentifier>
    </Filter>
    <Filter Include="Engine\06.Resource\Sound">
      <UniqueIdentifier>{27a10901-8a37-462c-909d-973d18c5cc4e}</UniqueIdentifier>
    </Filter>
    <Filter Include="Engine\07.Component">
      <UniqueIdentifier>{bf925a4c-c7ed-4a48-b890-93cdc20da57a}</UniqueIdentifier>
    </Filter>
    <Filter Include="Engine\08.Module">
      <UniqueIdentifier>{ec24f842-f65c-43f8-9077-94a8a28ef9f8}</UniqueIdentifier>
    </Filter>
    <Filter Include="Engine\03.Manager\CollisionMgr">
      <UniqueIdentifier>{b09e36bb-5410-4575-863d-59f13d4ea039}</UniqueIdentifier>
    </Filter>
  </ItemGroup>
  <ItemGroup>
    <ClInclude Include="framework.h">
      <Filter>Default\헤더 파일</Filter>
    </ClInclude>
    <ClInclude Include="targetver.h">
      <Filter>Default\헤더 파일</Filter>
    </ClInclude>
    <ClInclude Include="Resource.h">
      <Filter>Default\헤더 파일</Filter>
    </ClInclude>
    <ClInclude Include="Client.h">
      <Filter>Default\헤더 파일</Filter>
    </ClInclude>
    <ClInclude Include="CCore.h">
      <Filter>Engine\02.Core</Filter>
    </ClInclude>
    <ClInclude Include="define.h">
      <Filter>Engine\01.Header</Filter>
    </ClInclude>
    <ClInclude Include="CObject.h">
      <Filter>Engine\04.Object</Filter>
    </ClInclude>
    <ClInclude Include="struct.h">
      <Filter>Engine\01.Header</Filter>
    </ClInclude>
    <ClInclude Include="pch.h" />
    <ClInclude Include="CTimeMgr.h">
      <Filter>Engine\03.Manager\TimeMgr</Filter>
    </ClInclude>
    <ClInclude Include="CKeyMgr.h">
      <Filter>Engine\03.Manager\KeyMgr</Filter>
    </ClInclude>
    <ClInclude Include="CScene.h">
      <Filter>Engine\05.Scene</Filter>
    </ClInclude>
    <ClInclude Include="CSceneMgr.h">
      <Filter>Engine\03.Manager\SceneMgr</Filter>
    </ClInclude>
    <ClInclude Include="Scene_Start.h">
      <Filter>Engine\05.Scene\Scene_Start</Filter>
    </ClInclude>
    <ClInclude Include="CPlayer.h">
      <Filter>Engine\04.Object\Player</Filter>
    </ClInclude>
    <ClInclude Include="CMonster.h">
      <Filter>Engine\04.Object\Monster</Filter>
    </ClInclude>
    <ClInclude Include="CMissile.h">
      <Filter>Engine\04.Object\Missile</Filter>
    </ClInclude>
    <ClInclude Include="CRes.h">
      <Filter>Engine\06.Resource</Filter>
    </ClInclude>
    <ClInclude Include="CTexture.h">
      <Filter>Engine\06.Resource\Texture</Filter>
    </ClInclude>
    <ClInclude Include="CSound.h">
      <Filter>Engine\06.Resource\Sound</Filter>
    </ClInclude>
    <ClInclude Include="CPathMgr.h">
      <Filter>Engine\03.Manager\PathMgr</Filter>
    </ClInclude>
    <ClInclude Include="CResMgr.h">
      <Filter>Engine\03.Manager\ResMgr</Filter>
    </ClInclude>
    <ClInclude Include="CCollider.h">
      <Filter>Engine\07.Component</Filter>
    </ClInclude>
    <ClInclude Include="SelectGDI.h">
      <Filter>Engine\08.Module</Filter>
    </ClInclude>
    <ClInclude Include="CCollisionMgr.h">
      <Filter>Engine\03.Manager\CollisionMgr</Filter>
    </ClInclude>
  </ItemGroup>
  <ItemGroup>
    <ClCompile Include="CCore.cpp">
      <Filter>Engine\02.Core</Filter>
    </ClCompile>
    <ClCompile Include="main.cpp" />
    <ClCompile Include="CObject.cpp">
      <Filter>Engine\04.Object</Filter>
    </ClCompile>
    <ClCompile Include="CTimeMgr.cpp">
      <Filter>Engine\03.Manager\TimeMgr</Filter>
    </ClCompile>
    <ClCompile Include="CKeyMgr.cpp">
      <Filter>Engine\03.Manager\KeyMgr</Filter>
    </ClCompile>
    <ClCompile Include="CScene.cpp">
      <Filter>Engine\05.Scene</Filter>
    </ClCompile>
    <ClCompile Include="CSceneMgr.cpp">
      <Filter>Engine\03.Manager\SceneMgr</Filter>
    </ClCompile>
    <ClCompile Include="Scene_Start.cpp">
      <Filter>Engine\05.Scene\Scene_Start</Filter>
    </ClCompile>
    <ClCompile Include="CPlayer.cpp">
      <Filter>Engine\04.Object\Player</Filter>
    </ClCompile>
    <ClCompile Include="CMonster.cpp">
      <Filter>Engine\04.Object\Monster</Filter>
    </ClCompile>
    <ClCompile Include="CMissile.cpp">
      <Filter>Engine\04.Object\Missile</Filter>
    </ClCompile>
    <ClCompile Include="CRes.cpp">
      <Filter>Engine\06.Resource</Filter>
    </ClCompile>
    <ClCompile Include="CTexture.cpp">
      <Filter>Engine\06.Resource\Texture</Filter>
    </ClCompile>
    <ClCompile Include="CSound.cpp">
      <Filter>Engine\06.Resource\Sound</Filter>
    </ClCompile>
    <ClCompile Include="CPathMgr.cpp">
      <Filter>Engine\03.Manager\PathMgr</Filter>
    </ClCompile>
    <ClCompile Include="CResMgr.cpp">
      <Filter>Engine\03.Manager\ResMgr</Filter>
    </ClCompile>
    <ClCompile Include="CCollider.cpp">
      <Filter>Engine\07.Component</Filter>
    </ClCompile>
    <ClCompile Include="SelectGDI.cpp">
      <Filter>Engine\08.Module</Filter>
    </ClCompile>
    <ClCompile Include="CCollisionMgr.cpp">
      <Filter>Engine\03.Manager\CollisionMgr</Filter>
    </ClCompile>
  </ItemGroup>
  <ItemGroup>
    <ResourceCompile Include="Client.rc">
      <Filter>Default\리소스 파일</Filter>
    </ResourceCompile>
  </ItemGroup>
  <ItemGroup>
    <Image Include="small.ico">
      <Filter>Default\리소스 파일</Filter>
    </Image>
    <Image Include="Client.ico">
      <Filter>Default\리소스 파일</Filter>
    </Image>
  </ItemGroup>
</Project>