<?xml version="1.0" encoding="utf-8"?>
<Project ToolsVersion="4.0" xmlns="http://schemas.microsoft.com/developer/msbuild/2003">
  <ItemGroup>
    <Filter Include="Default">
      <UniqueIdentifier>{8203e95c-7d47-41f9-80c3-fc90be002e43}</UniqueIdentifier>
    </Filter>
    <Filter Include="Default\리소스 파일">
      <UniqueIdentifier>{67DA6AB6-F800-4c08-8B7A-83BB121AAD01}</UniqueIdentifier>
      <Extensions>rc;ico;cur;bmp;dlg;rc2;rct;bin;rgs;gif;jpg;jpeg;jpe;resx;tiff;tif;png;wav;mfcribbon-ms</Extensions>
    </Filter>
    <Filter Include="Default\소스 파일">
      <UniqueIdentifier>{4FC737F1-C7A5-4376-A066-2A32D752A2FF}</UniqueIdentifier>
      <Extensions>cpp;c;cc;cxx;c++;def;odl;idl;hpj;bat;asm;asmx</Extensions>
    </Filter>
    <Filter Include="Default\헤더 파일">
      <UniqueIdentifier>{93995380-89BD-4b04-88EB-625FBE52EBFB}</UniqueIdentifier>
      <Extensions>h;hh;hpp;hxx;h++;hm;inl;inc;ipp;xsd</Extensions>
    </Filter>
    <Filter Include="Engine">
      <UniqueIdentifier>{11adc8b4-ea11-452b-b385-07a4d721080c}</UniqueIdentifier>
    </Filter>
    <Filter Include="Engine\01.Header">
      <UniqueIdentifier>{63c40d60-8f82-42c3-9072-9479ed653679}</UniqueIdentifier>
    </Filter>
    <Filter Include="Engine\02.Core">
      <UniqueIdentifier>{061b5ea2-faf7-4e6a-ade4-1abaef0ab1f4}</UniqueIdentifier>
    </Filter>
    <Filter Include="Engine\03.Manager">
      <UniqueIdentifier>{2e4a07ae-b2b1-4062-b44d-21c99477190a}</UniqueIdentifier>
    </Filter>
    <Filter Include="Engine\03.Manager\TimeMgr">
      <UniqueIdentifier>{4dc28560-8676-447c-915d-2b5d7b4ac3a3}</UniqueIdentifier>
    </Filter>
    <Filter Include="Engine\03.Manager\KeyMgr">
      <UniqueIdentifier>{ba97e4e3-97b7-4437-a13e-1e6e0d4eb2cd}</UniqueIdentifier>
    </Filter>
    <Filter Include="Engine\03.Manager\SceneMgr">
      <UniqueIdentifier>{9d5a7199-2ee5-440c-97a2-ad9d27eac3da}</UniqueIdentifier>
    </Filter>
    <Filter Include="Engine\03.Manager\PathMgr">
      <UniqueIdentifier>{20540a0a-5a00-4a57-a175-3fc9be627890}</UniqueIdentifier>
    </Filter>
    <Filter Include="Engine\03.Manager\ResMgr">
      <UniqueIdentifier>{40c44eea-5caf-497a-bcf2-d21ea1a436bb}</UniqueIdentifier>
    </Filter>
    <Filter Include="Engine\04.Object">
      <UniqueIdentifier>{85433daf-f78a-4985-aec1-aac365ee43aa}</UniqueIdentifier>
    </Filter>
    <Filter Include="Engine\04.Object\Missile">
      <UniqueIdentifier>{55d2546a-679d-4448-a32d-b9e26411d3f9}</UniqueIdentifier>
    </Filter>
    <Filter Include="Engine\05.Scene">
      <UniqueIdentifier>{961f797f-c993-41b9-9789-45fa7d0cf0aa}</UniqueIdentifier>
    </Filter>
    <Filter Include="Engine\05.Scene\Scene_Start">
      <UniqueIdentifier>{21af7337-f571-493d-92af-3a517176f6e8}</UniqueIdentifier>
    </Filter>
    <Filter Include="Engine\05.Scene\Scene_Tool">
      <UniqueIdentifier>{c816095a-9e00-4cc6-a7b1-73667cd3a889}</UniqueIdentifier>
    </Filter>
    <Filter Include="Engine\06.Resource">
      <UniqueIdentifier>{f3ea0e0f-3e5c-42a8-b1a3-128b82643b68}</UniqueIdentifier>
    </Filter>
    <Filter Include="Engine\06.Resource\Texture">
      <UniqueIdentifier>{8b9d2ce8-95e2-43b0-927d-13571804ae09}</UniqueIdentifier>
    </Filter>
    <Filter Include="Engine\06.Resource\Sound">
      <UniqueIdentifier>{27a10901-8a37-462c-909d-973d18c5cc4e}</UniqueIdentifier>
    </Filter>
    <Filter Include="Engine\07.Component">
      <UniqueIdentifier>{bf925a4c-c7ed-4a48-b890-93cdc20da57a}</UniqueIdentifier>
    </Filter>
    <Filter Include="Engine\08.Module">
      <UniqueIdentifier>{ec24f842-f65c-43f8-9077-94a8a28ef9f8}</UniqueIdentifier>
    </Filter>
    <Filter Include="Engine\03.Manager\CollisionMgr">
      <UniqueIdentifier>{b09e36bb-5410-4575-863d-59f13d4ea039}</UniqueIdentifier>
    </Filter>
    <Filter Include="Engine\03.Manager\EvenMgr">
      <UniqueIdentifier>{0e8e1540-a4eb-460d-9363-dc85285ea175}</UniqueIdentifier>
    </Filter>
    <Filter Include="Engine\07.Component\Animator">
      <UniqueIdentifier>{f334d886-e043-465c-974f-badf35e7b375}</UniqueIdentifier>
    </Filter>
    <Filter Include="Engine\07.Component\Animator\Animation">
      <UniqueIdentifier>{9e0500dd-5749-4899-a296-f076ca08a91c}</UniqueIdentifier>
    </Filter>
    <Filter Include="Engine\07.Component\Collider">
      <UniqueIdentifier>{f1c0cbee-298a-4240-a85b-a4fe672a514d}</UniqueIdentifier>
    </Filter>
    <Filter Include="Engine\03.Manager\Camera">
      <UniqueIdentifier>{8668ecec-add1-489b-b16e-5d4dcc7d0de8}</UniqueIdentifier>
    </Filter>
    <Filter Include="Engine\04.Object\Tile">
      <UniqueIdentifier>{c8a33caa-fc04-4aac-87e3-b0e8dc6d4bde}</UniqueIdentifier>
    </Filter>
    <Filter Include="Engine\04.Object\UI">
      <UniqueIdentifier>{32380254-17c9-4a0d-9722-676251c6dd9e}</UniqueIdentifier>
    </Filter>
    <Filter Include="Engine\03.Manager\UIMgr">
      <UniqueIdentifier>{54d6ae11-17f0-4e9b-85d1-89c414934a05}</UniqueIdentifier>
    </Filter>
    <Filter Include="Engine\04.Object\UI\PanelUI">
      <UniqueIdentifier>{1dea4fad-7791-4886-bb3c-15af61aca6f7}</UniqueIdentifier>
    </Filter>
    <Filter Include="Engine\04.Object\UI\BtnUI">
      <UniqueIdentifier>{b3a6c905-7c4a-4ae9-a063-632037cf5225}</UniqueIdentifier>
    </Filter>
    <Filter Include="Scripts">
      <UniqueIdentifier>{035a9c35-eccf-4ff1-9e50-0ca1410a4be0}</UniqueIdentifier>
    </Filter>
    <Filter Include="Engine\04.Object\Creature">
      <UniqueIdentifier>{0a38bbef-829a-4fe1-a084-3f8a364ac3fa}</UniqueIdentifier>
    </Filter>
    <Filter Include="Engine\04.Object\Creature\Monster">
      <UniqueIdentifier>{107d61f1-ce52-43d4-9d27-2cf2b904f001}</UniqueIdentifier>
    </Filter>
    <Filter Include="Engine\04.Object\Creature\Player">
      <UniqueIdentifier>{c4e6bcf1-cf34-459d-8540-70a22f20e6b6}</UniqueIdentifier>
    </Filter>
    <Filter Include="Scripts\Skill">
      <UniqueIdentifier>{d28d4ce6-4c83-489f-a724-13fd371887a4}</UniqueIdentifier>
    </Filter>
    <Filter Include="Scripts\Mgr">
      <UniqueIdentifier>{79db160c-6c8c-47c1-b2ee-722172ad5731}</UniqueIdentifier>
    </Filter>
    <Filter Include="Scripts\Skill\EnergyBall">
      <UniqueIdentifier>{896107a7-5ef3-4a22-a686-9263edaa295e}</UniqueIdentifier>
    </Filter>
    <Filter Include="Scripts\Skill\Twister">
      <UniqueIdentifier>{8ca665a8-e14b-4954-91da-47401811eb32}</UniqueIdentifier>
    </Filter>
    <Filter Include="Scripts\Spawner">
      <UniqueIdentifier>{76f80bfd-0298-4e94-aa93-fb238b516231}</UniqueIdentifier>
    </Filter>
    <Filter Include="Scripts\Mgr\SkillMgr">
      <UniqueIdentifier>{44ca0d2a-8fa5-4ffc-afad-180540cb514a}</UniqueIdentifier>
    </Filter>
    <Filter Include="Scripts\Mgr\PoolingMgr">
      <UniqueIdentifier>{3dceb8ed-d956-4f35-8854-62c7f93022ce}</UniqueIdentifier>
    </Filter>
    <Filter Include="Scripts\Item">
      <UniqueIdentifier>{e237b21e-771d-4836-af15-b0f7bccf28fc}</UniqueIdentifier>
    </Filter>
    <Filter Include="Scripts\Item\Twister_Item">
      <UniqueIdentifier>{321b386f-d38f-45bc-abd0-cebbc48a15c6}</UniqueIdentifier>
    </Filter>
    <Filter Include="Scripts\Item\EnergeBall_Item">
      <UniqueIdentifier>{8daaac4d-3486-494c-a1dd-937d0d3eabd0}</UniqueIdentifier>
    </Filter>
    <Filter Include="Scripts\Item\ItemBox">
      <UniqueIdentifier>{a13275d3-28e9-4185-87bc-fc0d6b20ec15}</UniqueIdentifier>
    </Filter>
    <Filter Include="Scripts\Skill\TTengBall">
      <UniqueIdentifier>{8f34c5fc-ed6b-40f1-8a2f-1e704b605cca}</UniqueIdentifier>
    </Filter>
    <Filter Include="Scripts\Item\TTengBall_Item">
      <UniqueIdentifier>{4cad1157-1aaf-490e-8d1e-694c6398b766}</UniqueIdentifier>
    </Filter>
    <Filter Include="Scripts\Item\StopTime_Item">
      <UniqueIdentifier>{480d7d06-8d89-4f31-b947-3ab8766618ac}</UniqueIdentifier>
    </Filter>
    <Filter Include="Scripts\Component">
      <UniqueIdentifier>{2510e13c-c8a0-4deb-87e6-ee57d499fcc2}</UniqueIdentifier>
    </Filter>
    <Filter Include="Scripts\Component\Pooling">
      <UniqueIdentifier>{afef18dd-7c57-4d42-9915-bedd78c35532}</UniqueIdentifier>
    </Filter>
    <Filter Include="Scripts\Component\Timmer">
      <UniqueIdentifier>{789bf253-045a-4d05-afe6-09e41f5d573b}</UniqueIdentifier>
    </Filter>
    <Filter Include="Scripts\Mgr\PlayTimeMgr">
      <UniqueIdentifier>{bf1f0186-1884-4cb8-9206-c59c6df65695}</UniqueIdentifier>
    </Filter>
    <Filter Include="Scripts\Component\RigidBody">
      <UniqueIdentifier>{7a762c21-fb05-489b-bcbf-aba5340e1554}</UniqueIdentifier>
    </Filter>
    <Filter Include="Scripts\Skill\BounceBall">
      <UniqueIdentifier>{6ce96017-827b-4bdb-b3d7-7f6ab81dce14}</UniqueIdentifier>
    </Filter>
  </ItemGroup>
  <ItemGroup>
    <ClInclude Include="framework.h">
      <Filter>Default\헤더 파일</Filter>
    </ClInclude>
    <ClInclude Include="targetver.h">
      <Filter>Default\헤더 파일</Filter>
    </ClInclude>
    <ClInclude Include="Resource.h">
      <Filter>Default\헤더 파일</Filter>
    </ClInclude>
    <ClInclude Include="Client.h">
      <Filter>Default\헤더 파일</Filter>
    </ClInclude>
    <ClInclude Include="CCore.h">
      <Filter>Engine\02.Core</Filter>
    </ClInclude>
    <ClInclude Include="define.h">
      <Filter>Engine\01.Header</Filter>
    </ClInclude>
    <ClInclude Include="CObject.h">
      <Filter>Engine\04.Object</Filter>
    </ClInclude>
    <ClInclude Include="struct.h">
      <Filter>Engine\01.Header</Filter>
    </ClInclude>
    <ClInclude Include="pch.h" />
    <ClInclude Include="CTimeMgr.h">
      <Filter>Engine\03.Manager\TimeMgr</Filter>
    </ClInclude>
    <ClInclude Include="CKeyMgr.h">
      <Filter>Engine\03.Manager\KeyMgr</Filter>
    </ClInclude>
    <ClInclude Include="CScene.h">
      <Filter>Engine\05.Scene</Filter>
    </ClInclude>
    <ClInclude Include="CSceneMgr.h">
      <Filter>Engine\03.Manager\SceneMgr</Filter>
    </ClInclude>
    <ClInclude Include="Scene_Start.h">
      <Filter>Engine\05.Scene\Scene_Start</Filter>
    </ClInclude>
    <ClInclude Include="CPlayer.h">
      <Filter>Engine\04.Object\Creature\Player</Filter>
    </ClInclude>
    <ClInclude Include="CMonster.h">
      <Filter>Engine\04.Object\Creature\Monster</Filter>
    </ClInclude>
    <ClInclude Include="CMissile.h">
      <Filter>Engine\04.Object\Missile</Filter>
    </ClInclude>
    <ClInclude Include="CRes.h">
      <Filter>Engine\06.Resource</Filter>
    </ClInclude>
    <ClInclude Include="CTexture.h">
      <Filter>Engine\06.Resource\Texture</Filter>
    </ClInclude>
    <ClInclude Include="CSound.h">
      <Filter>Engine\06.Resource\Sound</Filter>
    </ClInclude>
    <ClInclude Include="CPathMgr.h">
      <Filter>Engine\03.Manager\PathMgr</Filter>
    </ClInclude>
    <ClInclude Include="CResMgr.h">
      <Filter>Engine\03.Manager\ResMgr</Filter>
    </ClInclude>
    <ClInclude Include="SelectGDI.h">
      <Filter>Engine\08.Module</Filter>
    </ClInclude>
    <ClInclude Include="CCollisionMgr.h">
      <Filter>Engine\03.Manager\CollisionMgr</Filter>
    </ClInclude>
    <ClInclude Include="CEvenMgr.h">
      <Filter>Engine\03.Manager\EvenMgr</Filter>
    </ClInclude>
    <ClInclude Include="func.h">
      <Filter>Engine\01.Header</Filter>
    </ClInclude>
    <ClInclude Include="CScene_Tool.h">
      <Filter>Engine\05.Scene\Scene_Tool</Filter>
    </ClInclude>
    <ClInclude Include="CAnimator.h">
      <Filter>Engine\07.Component\Animator</Filter>
    </ClInclude>
    <ClInclude Include="CCollider.h">
      <Filter>Engine\07.Component\Collider</Filter>
    </ClInclude>
    <ClInclude Include="CAnimation.h">
      <Filter>Engine\07.Component\Animator\Animation</Filter>
    </ClInclude>
    <ClInclude Include="CCamera.h">
      <Filter>Engine\03.Manager\Camera</Filter>
    </ClInclude>
    <ClInclude Include="CTile.h">
      <Filter>Engine\04.Object\Tile</Filter>
    </ClInclude>
    <ClInclude Include="CUI.h">
      <Filter>Engine\04.Object\UI</Filter>
    </ClInclude>
    <ClInclude Include="CUIMgr.h">
      <Filter>Engine\03.Manager\UIMgr</Filter>
    </ClInclude>
    <ClInclude Include="CPanelUI.h">
      <Filter>Engine\04.Object\UI\PanelUI</Filter>
    </ClInclude>
    <ClInclude Include="CBtnUI.h">
      <Filter>Engine\04.Object\UI\BtnUI</Filter>
    </ClInclude>
    <ClInclude Include="Creature.h">
      <Filter>Engine\04.Object\Creature</Filter>
    </ClInclude>
    <ClInclude Include="CGameMgr.h">
      <Filter>Scripts\Mgr</Filter>
    </ClInclude>
    <ClInclude Include="CEnergyBall.h">
      <Filter>Scripts\Skill\EnergyBall</Filter>
    </ClInclude>
    <ClInclude Include="CTwisterSkill.h">
      <Filter>Scripts\Skill\Twister</Filter>
    </ClInclude>
    <ClInclude Include="CTwister.h">
      <Filter>Scripts\Skill\Twister</Filter>
    </ClInclude>
    <ClInclude Include="CSpawner.h">
      <Filter>Scripts\Spawner</Filter>
    </ClInclude>
    <ClInclude Include="CPooling.h">
      <Filter>Scripts\Component\Pooling</Filter>
    </ClInclude>
    <ClInclude Include="CSKillMgr.h">
      <Filter>Scripts\Mgr\SkillMgr</Filter>
    </ClInclude>
    <ClInclude Include="CPoolingMgr.h">
      <Filter>Scripts\Mgr\PoolingMgr</Filter>
    </ClInclude>
    <ClInclude Include="CItem.h">
      <Filter>Scripts\Item</Filter>
    </ClInclude>
    <ClInclude Include="CTwister_Item.h">
      <Filter>Scripts\Item\Twister_Item</Filter>
    </ClInclude>
    <ClInclude Include="CEnergeBall_Item.h">
      <Filter>Scripts\Item\EnergeBall_Item</Filter>
    </ClInclude>
    <ClInclude Include="CItemBox.h">
      <Filter>Scripts\Item\ItemBox</Filter>
    </ClInclude>
    <ClInclude Include="CTTengBallSkill.h">
      <Filter>Scripts\Skill\TTengBall</Filter>
    </ClInclude>
    <ClInclude Include="CTTengBall.h">
      <Filter>Scripts\Skill\TTengBall</Filter>
    </ClInclude>
    <ClInclude Include="CTTengBall_Item.h">
      <Filter>Scripts\Item\TTengBall_Item</Filter>
    </ClInclude>
    <ClInclude Include="CStopTime_Item.h">
      <Filter>Scripts\Item\StopTime_Item</Filter>
    </ClInclude>
    <ClInclude Include="CTimmer.h">
      <Filter>Scripts\Component\Timmer</Filter>
    </ClInclude>
    <ClInclude Include="CPlayTimeMgr.h">
      <Filter>Scripts\Mgr\PlayTimeMgr</Filter>
    </ClInclude>
    <ClInclude Include="CRigidBody.h">
      <Filter>Scripts\Component\RigidBody</Filter>
    </ClInclude>
    <ClInclude Include="CBounceBall.h">
      <Filter>Scripts\Skill\BounceBall</Filter>
    </ClInclude>
  </ItemGroup>
  <ItemGroup>
    <ClCompile Include="CCore.cpp">
      <Filter>Engine\02.Core</Filter>
    </ClCompile>
    <ClCompile Include="main.cpp" />
    <ClCompile Include="CObject.cpp">
      <Filter>Engine\04.Object</Filter>
    </ClCompile>
    <ClCompile Include="CTimeMgr.cpp">
      <Filter>Engine\03.Manager\TimeMgr</Filter>
    </ClCompile>
    <ClCompile Include="CKeyMgr.cpp">
      <Filter>Engine\03.Manager\KeyMgr</Filter>
    </ClCompile>
    <ClCompile Include="CScene.cpp">
      <Filter>Engine\05.Scene</Filter>
    </ClCompile>
    <ClCompile Include="CSceneMgr.cpp">
      <Filter>Engine\03.Manager\SceneMgr</Filter>
    </ClCompile>
    <ClCompile Include="Scene_Start.cpp">
      <Filter>Engine\05.Scene\Scene_Start</Filter>
    </ClCompile>
    <ClCompile Include="CPlayer.cpp">
      <Filter>Engine\04.Object\Creature\Player</Filter>
    </ClCompile>
    <ClCompile Include="CMonster.cpp">
      <Filter>Engine\04.Object\Creature\Monster</Filter>
    </ClCompile>
    <ClCompile Include="CMissile.cpp">
      <Filter>Engine\04.Object\Missile</Filter>
    </ClCompile>
    <ClCompile Include="CRes.cpp">
      <Filter>Engine\06.Resource</Filter>
    </ClCompile>
    <ClCompile Include="CTexture.cpp">
      <Filter>Engine\06.Resource\Texture</Filter>
    </ClCompile>
    <ClCompile Include="CSound.cpp">
      <Filter>Engine\06.Resource\Sound</Filter>
    </ClCompile>
    <ClCompile Include="CPathMgr.cpp">
      <Filter>Engine\03.Manager\PathMgr</Filter>
    </ClCompile>
    <ClCompile Include="CResMgr.cpp">
      <Filter>Engine\03.Manager\ResMgr</Filter>
    </ClCompile>
    <ClCompile Include="SelectGDI.cpp">
      <Filter>Engine\08.Module</Filter>
    </ClCompile>
    <ClCompile Include="CCollisionMgr.cpp">
      <Filter>Engine\03.Manager\CollisionMgr</Filter>
    </ClCompile>
    <ClCompile Include="CEvenMgr.cpp">
      <Filter>Engine\03.Manager\EvenMgr</Filter>
    </ClCompile>
    <ClCompile Include="func.cpp">
      <Filter>Engine\01.Header</Filter>
    </ClCompile>
    <ClCompile Include="CScene_Tool.cpp">
      <Filter>Engine\05.Scene\Scene_Tool</Filter>
    </ClCompile>
    <ClCompile Include="CAnimator.cpp">
      <Filter>Engine\07.Component\Animator</Filter>
    </ClCompile>
    <ClCompile Include="CCollider.cpp">
      <Filter>Engine\07.Component\Collider</Filter>
    </ClCompile>
    <ClCompile Include="CAnimation.cpp">
      <Filter>Engine\07.Component\Animator\Animation</Filter>
    </ClCompile>
    <ClCompile Include="CCamera.cpp">
      <Filter>Engine\03.Manager\Camera</Filter>
    </ClCompile>
    <ClCompile Include="CTile.cpp">
      <Filter>Engine\04.Object\Tile</Filter>
    </ClCompile>
    <ClCompile Include="CUI.cpp">
      <Filter>Engine\04.Object\UI</Filter>
    </ClCompile>
    <ClCompile Include="CUIMgr.cpp">
      <Filter>Engine\03.Manager\UIMgr</Filter>
    </ClCompile>
    <ClCompile Include="CPanelUI.cpp">
      <Filter>Engine\04.Object\UI\PanelUI</Filter>
    </ClCompile>
    <ClCompile Include="CBtnUI.cpp">
      <Filter>Engine\04.Object\UI\BtnUI</Filter>
    </ClCompile>
    <ClCompile Include="Creature.cpp">
      <Filter>Engine\04.Object\Creature</Filter>
    </ClCompile>
    <ClCompile Include="CGameMgr.cpp">
      <Filter>Scripts\Mgr</Filter>
    </ClCompile>
    <ClCompile Include="CEnergyBall.cpp">
      <Filter>Scripts\Skill\EnergyBall</Filter>
    </ClCompile>
    <ClCompile Include="CTwisterSkill.cpp">
      <Filter>Scripts\Skill\Twister</Filter>
    </ClCompile>
    <ClCompile Include="CTwister.cpp">
      <Filter>Scripts\Skill\Twister</Filter>
    </ClCompile>
    <ClCompile Include="CSpawner.cpp">
      <Filter>Scripts\Spawner</Filter>
    </ClCompile>
    <ClCompile Include="CPooling.cpp">
      <Filter>Scripts\Component\Pooling</Filter>
    </ClCompile>
    <ClCompile Include="CSKillMgr.cpp">
      <Filter>Scripts\Mgr\SkillMgr</Filter>
    </ClCompile>
    <ClCompile Include="CPoolingMgr.cpp">
      <Filter>Scripts\Mgr\PoolingMgr</Filter>
    </ClCompile>
    <ClCompile Include="CItem.cpp">
      <Filter>Scripts\Item</Filter>
    </ClCompile>
    <ClCompile Include="CTwister_Item.cpp">
      <Filter>Scripts\Item\Twister_Item</Filter>
    </ClCompile>
    <ClCompile Include="CEnergeBall_Item.cpp">
      <Filter>Scripts\Item\EnergeBall_Item</Filter>
    </ClCompile>
    <ClCompile Include="CItemBox.cpp">
      <Filter>Scripts\Item\ItemBox</Filter>
    </ClCompile>
    <ClCompile Include="CTTengBallSkill.cpp">
      <Filter>Scripts\Skill\TTengBall</Filter>
    </ClCompile>
    <ClCompile Include="CTTengBall.cpp">
      <Filter>Scripts\Skill\TTengBall</Filter>
    </ClCompile>
    <ClCompile Include="CTTengBall_Item.cpp">
      <Filter>Scripts\Item\TTengBall_Item</Filter>
    </ClCompile>
    <ClCompile Include="CStopTime_Item.cpp">
      <Filter>Scripts\Item\StopTime_Item</Filter>
    </ClCompile>
    <ClCompile Include="CTimmer.cpp">
      <Filter>Scripts\Component\Timmer</Filter>
    </ClCompile>
    <ClCompile Include="CPlayTimeMgr.cpp">
      <Filter>Scripts\Mgr\PlayTimeMgr</Filter>
    </ClCompile>
    <ClCompile Include="CRigidBody.cpp">
      <Filter>Scripts\Component\RigidBody</Filter>
    </ClCompile>
    <ClCompile Include="CBounceBall.cpp">
      <Filter>Scripts\Skill\BounceBall</Filter>
    </ClCompile>
  </ItemGroup>
  <ItemGroup>
    <ResourceCompile Include="Client.rc">
      <Filter>Default\리소스 파일</Filter>
    </ResourceCompile>
  </ItemGroup>
  <ItemGroup>
    <Image Include="small.ico">
      <Filter>Default\리소스 파일</Filter>
    </Image>
    <Image Include="Client.ico">
      <Filter>Default\리소스 파일</Filter>
    </Image>
  </ItemGroup>
</Project>